// !$*UTF8*$!
{
	archiveVersion = 1;
	classes = {
	};
	objectVersion = 50;
	objects = {

/* Begin PBXBuildFile section */
		70DA55D222B5331C00B90EAC /* AppDelegate.swift in Sources */ = {isa = PBXBuildFile; fileRef = 70DA55D122B5331C00B90EAC /* AppDelegate.swift */; };
		70DA55D422B5331C00B90EAC /* ViewController.swift in Sources */ = {isa = PBXBuildFile; fileRef = 70DA55D322B5331C00B90EAC /* ViewController.swift */; };
		70DA55D722B5331C00B90EAC /* Main.storyboard in Resources */ = {isa = PBXBuildFile; fileRef = 70DA55D522B5331C00B90EAC /* Main.storyboard */; };
		70DA55D922B5331D00B90EAC /* Assets.xcassets in Resources */ = {isa = PBXBuildFile; fileRef = 70DA55D822B5331D00B90EAC /* Assets.xcassets */; };
		70DA55DC22B5331D00B90EAC /* LaunchScreen.storyboard in Resources */ = {isa = PBXBuildFile; fileRef = 70DA55DA22B5331D00B90EAC /* LaunchScreen.storyboard */; };
		70DA55E722B5331D00B90EAC /* FizzBuzzTests.swift in Sources */ = {isa = PBXBuildFile; fileRef = 70DA55E622B5331D00B90EAC /* FizzBuzzTests.swift */; };
		70DA55F222B5331D00B90EAC /* FizzBuzzUITests.swift in Sources */ = {isa = PBXBuildFile; fileRef = 70DA55F122B5331D00B90EAC /* FizzBuzzUITests.swift */; };
/* End PBXBuildFile section */

/* Begin PBXContainerItemProxy section */
		70DA55E322B5331D00B90EAC /* PBXContainerItemProxy */ = {
			isa = PBXContainerItemProxy;
			containerPortal = 70DA55C622B5331C00B90EAC /* Project object */;
			proxyType = 1;
			remoteGlobalIDString = 70DA55CD22B5331C00B90EAC;
			remoteInfo = FizzBuzz;
		};
		70DA55EE22B5331D00B90EAC /* PBXContainerItemProxy */ = {
			isa = PBXContainerItemProxy;
			containerPortal = 70DA55C622B5331C00B90EAC /* Project object */;
			proxyType = 1;
			remoteGlobalIDString = 70DA55CD22B5331C00B90EAC;
			remoteInfo = FizzBuzz;
		};
/* End PBXContainerItemProxy section */

/* Begin PBXFileReference section */
		70DA55CE22B5331C00B90EAC /* FizzBuzz.app */ = {isa = PBXFileReference; explicitFileType = wrapper.application; includeInIndex = 0; path = FizzBuzz.app; sourceTree = BUILT_PRODUCTS_DIR; };
		70DA55D122B5331C00B90EAC /* AppDelegate.swift */ = {isa = PBXFileReference; lastKnownFileType = sourcecode.swift; path = AppDelegate.swift; sourceTree = "<group>"; };
		70DA55D322B5331C00B90EAC /* ViewController.swift */ = {isa = PBXFileReference; lastKnownFileType = sourcecode.swift; path = ViewController.swift; sourceTree = "<group>"; };
		70DA55D622B5331C00B90EAC /* Base */ = {isa = PBXFileReference; lastKnownFileType = file.storyboard; name = Base; path = Base.lproj/Main.storyboard; sourceTree = "<group>"; };
		70DA55D822B5331D00B90EAC /* Assets.xcassets */ = {isa = PBXFileReference; lastKnownFileType = folder.assetcatalog; path = Assets.xcassets; sourceTree = "<group>"; };
		70DA55DB22B5331D00B90EAC /* Base */ = {isa = PBXFileReference; lastKnownFileType = file.storyboard; name = Base; path = Base.lproj/LaunchScreen.storyboard; sourceTree = "<group>"; };
		70DA55DD22B5331D00B90EAC /* Info.plist */ = {isa = PBXFileReference; lastKnownFileType = text.plist.xml; path = Info.plist; sourceTree = "<group>"; };
		70DA55E222B5331D00B90EAC /* FizzBuzzTests.xctest */ = {isa = PBXFileReference; explicitFileType = wrapper.cfbundle; includeInIndex = 0; path = FizzBuzzTests.xctest; sourceTree = BUILT_PRODUCTS_DIR; };
		70DA55E622B5331D00B90EAC /* FizzBuzzTests.swift */ = {isa = PBXFileReference; lastKnownFileType = sourcecode.swift; path = FizzBuzzTests.swift; sourceTree = "<group>"; };
		70DA55E822B5331D00B90EAC /* Info.plist */ = {isa = PBXFileReference; lastKnownFileType = text.plist.xml; path = Info.plist; sourceTree = "<group>"; };
		70DA55ED22B5331D00B90EAC /* FizzBuzzUITests.xctest */ = {isa = PBXFileReference; explicitFileType = wrapper.cfbundle; includeInIndex = 0; path = FizzBuzzUITests.xctest; sourceTree = BUILT_PRODUCTS_DIR; };
		70DA55F122B5331D00B90EAC /* FizzBuzzUITests.swift */ = {isa = PBXFileReference; lastKnownFileType = sourcecode.swift; path = FizzBuzzUITests.swift; sourceTree = "<group>"; };
		70DA55F322B5331D00B90EAC /* Info.plist */ = {isa = PBXFileReference; lastKnownFileType = text.plist.xml; path = Info.plist; sourceTree = "<group>"; };
/* End PBXFileReference section */

/* Begin PBXFrameworksBuildPhase section */
		70DA55CB22B5331C00B90EAC /* Frameworks */ = {
			isa = PBXFrameworksBuildPhase;
			buildActionMask = 2147483647;
			files = (
			);
			runOnlyForDeploymentPostprocessing = 0;
		};
		70DA55DF22B5331D00B90EAC /* Frameworks */ = {
			isa = PBXFrameworksBuildPhase;
			buildActionMask = 2147483647;
			files = (
			);
			runOnlyForDeploymentPostprocessing = 0;
		};
		70DA55EA22B5331D00B90EAC /* Frameworks */ = {
			isa = PBXFrameworksBuildPhase;
			buildActionMask = 2147483647;
			files = (
			);
			runOnlyForDeploymentPostprocessing = 0;
		};
/* End PBXFrameworksBuildPhase section */

/* Begin PBXGroup section */
		70DA55C522B5331C00B90EAC = {
			isa = PBXGroup;
			children = (
				70DA55D022B5331C00B90EAC /* FizzBuzz */,
				70DA55E522B5331D00B90EAC /* FizzBuzzTests */,
				70DA55F022B5331D00B90EAC /* FizzBuzzUITests */,
				70DA55CF22B5331C00B90EAC /* Products */,
			);
			sourceTree = "<group>";
		};
		70DA55CF22B5331C00B90EAC /* Products */ = {
			isa = PBXGroup;
			children = (
				70DA55CE22B5331C00B90EAC /* FizzBuzz.app */,
				70DA55E222B5331D00B90EAC /* FizzBuzzTests.xctest */,
				70DA55ED22B5331D00B90EAC /* FizzBuzzUITests.xctest */,
			);
			name = Products;
			sourceTree = "<group>";
		};
		70DA55D022B5331C00B90EAC /* FizzBuzz */ = {
			isa = PBXGroup;
			children = (
				70DA55D122B5331C00B90EAC /* AppDelegate.swift */,
				70DA55D322B5331C00B90EAC /* ViewController.swift */,
				70DA55D522B5331C00B90EAC /* Main.storyboard */,
				70DA55D822B5331D00B90EAC /* Assets.xcassets */,
				70DA55DA22B5331D00B90EAC /* LaunchScreen.storyboard */,
				70DA55DD22B5331D00B90EAC /* Info.plist */,
			);
			path = FizzBuzz;
			sourceTree = "<group>";
		};
		70DA55E522B5331D00B90EAC /* FizzBuzzTests */ = {
			isa = PBXGroup;
			children = (
				70DA55E622B5331D00B90EAC /* FizzBuzzTests.swift */,
				70DA55E822B5331D00B90EAC /* Info.plist */,
			);
			path = FizzBuzzTests;
			sourceTree = "<group>";
		};
		70DA55F022B5331D00B90EAC /* FizzBuzzUITests */ = {
			isa = PBXGroup;
			children = (
				70DA55F122B5331D00B90EAC /* FizzBuzzUITests.swift */,
				70DA55F322B5331D00B90EAC /* Info.plist */,
			);
			path = FizzBuzzUITests;
			sourceTree = "<group>";
		};
/* End PBXGroup section */

/* Begin PBXNativeTarget section */
		70DA55CD22B5331C00B90EAC /* FizzBuzz */ = {
			isa = PBXNativeTarget;
			buildConfigurationList = 70DA55F622B5331D00B90EAC /* Build configuration list for PBXNativeTarget "FizzBuzz" */;
			buildPhases = (
				70DA55CA22B5331C00B90EAC /* Sources */,
				70DA55CB22B5331C00B90EAC /* Frameworks */,
				70DA55CC22B5331C00B90EAC /* Resources */,
			);
			buildRules = (
			);
			dependencies = (
			);
			name = FizzBuzz;
			productName = FizzBuzz;
			productReference = 70DA55CE22B5331C00B90EAC /* FizzBuzz.app */;
			productType = "com.apple.product-type.application";
		};
		70DA55E122B5331D00B90EAC /* FizzBuzzTests */ = {
			isa = PBXNativeTarget;
			buildConfigurationList = 70DA55F922B5331D00B90EAC /* Build configuration list for PBXNativeTarget "FizzBuzzTests" */;
			buildPhases = (
				70DA55DE22B5331D00B90EAC /* Sources */,
				70DA55DF22B5331D00B90EAC /* Frameworks */,
				70DA55E022B5331D00B90EAC /* Resources */,
			);
			buildRules = (
			);
			dependencies = (
				70DA55E422B5331D00B90EAC /* PBXTargetDependency */,
			);
			name = FizzBuzzTests;
			productName = FizzBuzzTests;
			productReference = 70DA55E222B5331D00B90EAC /* FizzBuzzTests.xctest */;
			productType = "com.apple.product-type.bundle.unit-test";
		};
		70DA55EC22B5331D00B90EAC /* FizzBuzzUITests */ = {
			isa = PBXNativeTarget;
			buildConfigurationList = 70DA55FC22B5331D00B90EAC /* Build configuration list for PBXNativeTarget "FizzBuzzUITests" */;
			buildPhases = (
				70DA55E922B5331D00B90EAC /* Sources */,
				70DA55EA22B5331D00B90EAC /* Frameworks */,
				70DA55EB22B5331D00B90EAC /* Resources */,
			);
			buildRules = (
			);
			dependencies = (
				70DA55EF22B5331D00B90EAC /* PBXTargetDependency */,
			);
			name = FizzBuzzUITests;
			productName = FizzBuzzUITests;
			productReference = 70DA55ED22B5331D00B90EAC /* FizzBuzzUITests.xctest */;
			productType = "com.apple.product-type.bundle.ui-testing";
		};
/* End PBXNativeTarget section */

/* Begin PBXProject section */
		70DA55C622B5331C00B90EAC /* Project object */ = {
			isa = PBXProject;
			attributes = {
				LastSwiftUpdateCheck = 1020;
				LastUpgradeCheck = 1020;
				ORGANIZATIONNAME = irig.com;
				TargetAttributes = {
					70DA55CD22B5331C00B90EAC = {
						CreatedOnToolsVersion = 10.2.1;
					};
					70DA55E122B5331D00B90EAC = {
						CreatedOnToolsVersion = 10.2.1;
						TestTargetID = 70DA55CD22B5331C00B90EAC;
					};
					70DA55EC22B5331D00B90EAC = {
						CreatedOnToolsVersion = 10.2.1;
						TestTargetID = 70DA55CD22B5331C00B90EAC;
					};
				};
			};
			buildConfigurationList = 70DA55C922B5331C00B90EAC /* Build configuration list for PBXProject "FizzBuzz" */;
			compatibilityVersion = "Xcode 9.3";
			developmentRegion = en;
			hasScannedForEncodings = 0;
			knownRegions = (
				en,
				Base,
			);
			mainGroup = 70DA55C522B5331C00B90EAC;
			productRefGroup = 70DA55CF22B5331C00B90EAC /* Products */;
			projectDirPath = "";
			projectRoot = "";
			targets = (
				70DA55CD22B5331C00B90EAC /* FizzBuzz */,
				70DA55E122B5331D00B90EAC /* FizzBuzzTests */,
				70DA55EC22B5331D00B90EAC /* FizzBuzzUITests */,
			);
		};
/* End PBXProject section */

/* Begin PBXResourcesBuildPhase section */
		70DA55CC22B5331C00B90EAC /* Resources */ = {
			isa = PBXResourcesBuildPhase;
			buildActionMask = 2147483647;
			files = (
				70DA55DC22B5331D00B90EAC /* LaunchScreen.storyboard in Resources */,
				70DA55D922B5331D00B90EAC /* Assets.xcassets in Resources */,
				70DA55D722B5331C00B90EAC /* Main.storyboard in Resources */,
			);
			runOnlyForDeploymentPostprocessing = 0;
		};
		70DA55E022B5331D00B90EAC /* Resources */ = {
			isa = PBXResourcesBuildPhase;
			buildActionMask = 2147483647;
			files = (
			);
			runOnlyForDeploymentPostprocessing = 0;
		};
		70DA55EB22B5331D00B90EAC /* Resources */ = {
			isa = PBXResourcesBuildPhase;
			buildActionMask = 2147483647;
			files = (
			);
			runOnlyForDeploymentPostprocessing = 0;
		};
/* End PBXResourcesBuildPhase section */

/* Begin PBXSourcesBuildPhase section */
		70DA55CA22B5331C00B90EAC /* Sources */ = {
			isa = PBXSourcesBuildPhase;
			buildActionMask = 2147483647;
			files = (
				70DA55D422B5331C00B90EAC /* ViewController.swift in Sources */,
				70DA55D222B5331C00B90EAC /* AppDelegate.swift in Sources */,
			);
			runOnlyForDeploymentPostprocessing = 0;
		};
		70DA55DE22B5331D00B90EAC /* Sources */ = {
			isa = PBXSourcesBuildPhase;
			buildActionMask = 2147483647;
			files = (
				70DA55E722B5331D00B90EAC /* FizzBuzzTests.swift in Sources */,
			);
			runOnlyForDeploymentPostprocessing = 0;
		};
		70DA55E922B5331D00B90EAC /* Sources */ = {
			isa = PBXSourcesBuildPhase;
			buildActionMask = 2147483647;
			files = (
				70DA55F222B5331D00B90EAC /* FizzBuzzUITests.swift in Sources */,
			);
			runOnlyForDeploymentPostprocessing = 0;
		};
/* End PBXSourcesBuildPhase section */

/* Begin PBXTargetDependency section */
		70DA55E422B5331D00B90EAC /* PBXTargetDependency */ = {
			isa = PBXTargetDependency;
			target = 70DA55CD22B5331C00B90EAC /* FizzBuzz */;
			targetProxy = 70DA55E322B5331D00B90EAC /* PBXContainerItemProxy */;
		};
		70DA55EF22B5331D00B90EAC /* PBXTargetDependency */ = {
			isa = PBXTargetDependency;
			target = 70DA55CD22B5331C00B90EAC /* FizzBuzz */;
			targetProxy = 70DA55EE22B5331D00B90EAC /* PBXContainerItemProxy */;
		};
/* End PBXTargetDependency section */

/* Begin PBXVariantGroup section */
		70DA55D522B5331C00B90EAC /* Main.storyboard */ = {
			isa = PBXVariantGroup;
			children = (
				70DA55D622B5331C00B90EAC /* Base */,
			);
			name = Main.storyboard;
			sourceTree = "<group>";
		};
		70DA55DA22B5331D00B90EAC /* LaunchScreen.storyboard */ = {
			isa = PBXVariantGroup;
			children = (
				70DA55DB22B5331D00B90EAC /* Base */,
			);
			name = LaunchScreen.storyboard;
			sourceTree = "<group>";
		};
/* End PBXVariantGroup section */

/* Begin XCBuildConfiguration section */
		70DA55F422B5331D00B90EAC /* Debug */ = {
			isa = XCBuildConfiguration;
			buildSettings = {
				ALWAYS_SEARCH_USER_PATHS = NO;
				CLANG_ANALYZER_NONNULL = YES;
				CLANG_ANALYZER_NUMBER_OBJECT_CONVERSION = YES_AGGRESSIVE;
				CLANG_CXX_LANGUAGE_STANDARD = "gnu++14";
				CLANG_CXX_LIBRARY = "libc++";
				CLANG_ENABLE_MODULES = YES;
				CLANG_ENABLE_OBJC_ARC = YES;
				CLANG_ENABLE_OBJC_WEAK = YES;
				CLANG_WARN_BLOCK_CAPTURE_AUTORELEASING = YES;
				CLANG_WARN_BOOL_CONVERSION = YES;
				CLANG_WARN_COMMA = YES;
				CLANG_WARN_CONSTANT_CONVERSION = YES;
				CLANG_WARN_DEPRECATED_OBJC_IMPLEMENTATIONS = YES;
				CLANG_WARN_DIRECT_OBJC_ISA_USAGE = YES_ERROR;
				CLANG_WARN_DOCUMENTATION_COMMENTS = YES;
				CLANG_WARN_EMPTY_BODY = YES;
				CLANG_WARN_ENUM_CONVERSION = YES;
				CLANG_WARN_INFINITE_RECURSION = YES;
				CLANG_WARN_INT_CONVERSION = YES;
				CLANG_WARN_NON_LITERAL_NULL_CONVERSION = YES;
				CLANG_WARN_OBJC_IMPLICIT_RETAIN_SELF = YES;
				CLANG_WARN_OBJC_LITERAL_CONVERSION = YES;
				CLANG_WARN_OBJC_ROOT_CLASS = YES_ERROR;
				CLANG_WARN_RANGE_LOOP_ANALYSIS = YES;
				CLANG_WARN_STRICT_PROTOTYPES = YES;
				CLANG_WARN_SUSPICIOUS_MOVE = YES;
				CLANG_WARN_UNGUARDED_AVAILABILITY = YES_AGGRESSIVE;
				CLANG_WARN_UNREACHABLE_CODE = YES;
				CLANG_WARN__DUPLICATE_METHOD_MATCH = YES;
				CODE_SIGN_IDENTITY = "iPhone Developer";
				COPY_PHASE_STRIP = NO;
				DEBUG_INFORMATION_FORMAT = dwarf;
				ENABLE_STRICT_OBJC_MSGSEND = YES;
				ENABLE_TESTABILITY = YES;
				GCC_C_LANGUAGE_STANDARD = gnu11;
				GCC_DYNAMIC_NO_PIC = NO;
				GCC_NO_COMMON_BLOCKS = YES;
				GCC_OPTIMIZATION_LEVEL = 0;
				GCC_PREPROCESSOR_DEFINITIONS = (
					"DEBUG=1",
					"$(inherited)",
				);
				GCC_WARN_64_TO_32_BIT_CONVERSION = YES;
				GCC_WARN_ABOUT_RETURN_TYPE = YES_ERROR;
				GCC_WARN_UNDECLARED_SELECTOR = YES;
				GCC_WARN_UNINITIALIZED_AUTOS = YES_AGGRESSIVE;
				GCC_WARN_UNUSED_FUNCTION = YES;
				GCC_WARN_UNUSED_VARIABLE = YES;
				IPHONEOS_DEPLOYMENT_TARGET = 12.2;
				MTL_ENABLE_DEBUG_INFO = INCLUDE_SOURCE;
				MTL_FAST_MATH = YES;
				ONLY_ACTIVE_ARCH = YES;
				SDKROOT = iphoneos;
				SWIFT_ACTIVE_COMPILATION_CONDITIONS = DEBUG;
				SWIFT_OPTIMIZATION_LEVEL = "-Onone";
			};
			name = Debug;
		};
		70DA55F522B5331D00B90EAC /* Release */ = {
			isa = XCBuildConfiguration;
			buildSettings = {
				ALWAYS_SEARCH_USER_PATHS = NO;
				CLANG_ANALYZER_NONNULL = YES;
				CLANG_ANALYZER_NUMBER_OBJECT_CONVERSION = YES_AGGRESSIVE;
				CLANG_CXX_LANGUAGE_STANDARD = "gnu++14";
				CLANG_CXX_LIBRARY = "libc++";
				CLANG_ENABLE_MODULES = YES;
				CLANG_ENABLE_OBJC_ARC = YES;
				CLANG_ENABLE_OBJC_WEAK = YES;
				CLANG_WARN_BLOCK_CAPTURE_AUTORELEASING = YES;
				CLANG_WARN_BOOL_CONVERSION = YES;
				CLANG_WARN_COMMA = YES;
				CLANG_WARN_CONSTANT_CONVERSION = YES;
				CLANG_WARN_DEPRECATED_OBJC_IMPLEMENTATIONS = YES;
				CLANG_WARN_DIRECT_OBJC_ISA_USAGE = YES_ERROR;
				CLANG_WARN_DOCUMENTATION_COMMENTS = YES;
				CLANG_WARN_EMPTY_BODY = YES;
				CLANG_WARN_ENUM_CONVERSION = YES;
				CLANG_WARN_INFINITE_RECURSION = YES;
				CLANG_WARN_INT_CONVERSION = YES;
				CLANG_WARN_NON_LITERAL_NULL_CONVERSION = YES;
				CLANG_WARN_OBJC_IMPLICIT_RETAIN_SELF = YES;
				CLANG_WARN_OBJC_LITERAL_CONVERSION = YES;
				CLANG_WARN_OBJC_ROOT_CLASS = YES_ERROR;
				CLANG_WARN_RANGE_LOOP_ANALYSIS = YES;
				CLANG_WARN_STRICT_PROTOTYPES = YES;
				CLANG_WARN_SUSPICIOUS_MOVE = YES;
				CLANG_WARN_UNGUARDED_AVAILABILITY = YES_AGGRESSIVE;
				CLANG_WARN_UNREACHABLE_CODE = YES;
				CLANG_WARN__DUPLICATE_METHOD_MATCH = YES;
				CODE_SIGN_IDENTITY = "iPhone Developer";
				COPY_PHASE_STRIP = NO;
				DEBUG_INFORMATION_FORMAT = "dwarf-with-dsym";
				ENABLE_NS_ASSERTIONS = NO;
				ENABLE_STRICT_OBJC_MSGSEND = YES;
				GCC_C_LANGUAGE_STANDARD = gnu11;
				GCC_NO_COMMON_BLOCKS = YES;
				GCC_WARN_64_TO_32_BIT_CONVERSION = YES;
				GCC_WARN_ABOUT_RETURN_TYPE = YES_ERROR;
				GCC_WARN_UNDECLARED_SELECTOR = YES;
				GCC_WARN_UNINITIALIZED_AUTOS = YES_AGGRESSIVE;
				GCC_WARN_UNUSED_FUNCTION = YES;
				GCC_WARN_UNUSED_VARIABLE = YES;
				IPHONEOS_DEPLOYMENT_TARGET = 12.2;
				MTL_ENABLE_DEBUG_INFO = NO;
				MTL_FAST_MATH = YES;
				SDKROOT = iphoneos;
				SWIFT_COMPILATION_MODE = wholemodule;
				SWIFT_OPTIMIZATION_LEVEL = "-O";
				VALIDATE_PRODUCT = YES;
			};
			name = Release;
		};
		70DA55F722B5331D00B90EAC /* Debug */ = {
			isa = XCBuildConfiguration;
			buildSettings = {
				ASSETCATALOG_COMPILER_APPICON_NAME = AppIcon;
				CODE_SIGN_STYLE = Automatic;
				INFOPLIST_FILE = FizzBuzz/Info.plist;
				LD_RUNPATH_SEARCH_PATHS = (
					"$(inherited)",
					"@executable_path/Frameworks",
				);
				PRODUCT_BUNDLE_IDENTIFIER = com.irig.FizzBuzz;
				PRODUCT_NAME = "$(TARGET_NAME)";
				SWIFT_VERSION = 5.0;
				TARGETED_DEVICE_FAMILY = "1,2";
			};
			name = Debug;
		};
		70DA55F822B5331D00B90EAC /* Release */ = {
			isa = XCBuildConfiguration;
			buildSettings = {
				ASSETCATALOG_COMPILER_APPICON_NAME = AppIcon;
				CODE_SIGN_STYLE = Automatic;
				INFOPLIST_FILE = FizzBuzz/Info.plist;
				LD_RUNPATH_SEARCH_PATHS = (
					"$(inherited)",
					"@executable_path/Frameworks",
				);
				PRODUCT_BUNDLE_IDENTIFIER = com.irig.FizzBuzz;
				PRODUCT_NAME = "$(TARGET_NAME)";
				SWIFT_VERSION = 5.0;
				TARGETED_DEVICE_FAMILY = "1,2";
			};
			name = Release;
		};
		70DA55FA22B5331D00B90EAC /* Debug */ = {
			isa = XCBuildConfiguration;
			buildSettings = {
				ALWAYS_EMBED_SWIFT_STANDARD_LIBRARIES = YES;
				BUNDLE_LOADER = "$(TEST_HOST)";
				CODE_SIGN_STYLE = Automatic;
				INFOPLIST_FILE = FizzBuzzTests/Info.plist;
				LD_RUNPATH_SEARCH_PATHS = (
					"$(inherited)",
					"@executable_path/Frameworks",
					"@loader_path/Frameworks",
				);
				PRODUCT_BUNDLE_IDENTIFIER = com.irig.FizzBuzzTests;
				PRODUCT_NAME = "$(TARGET_NAME)";
				SWIFT_VERSION = 5.0;
				TARGETED_DEVICE_FAMILY = "1,2";
				TEST_HOST = "$(BUILT_PRODUCTS_DIR)/FizzBuzz.app/FizzBuzz";
			};
			name = Debug;
		};
		70DA55FB22B5331D00B90EAC /* Release */ = {
			isa = XCBuildConfiguration;
			buildSettings = {
				ALWAYS_EMBED_SWIFT_STANDARD_LIBRARIES = YES;
				BUNDLE_LOADER = "$(TEST_HOST)";
				CODE_SIGN_STYLE = Automatic;
				INFOPLIST_FILE = FizzBuzzTests/Info.plist;
				LD_RUNPATH_SEARCH_PATHS = (
					"$(inherited)",
					"@executable_path/Frameworks",
					"@loader_path/Frameworks",
				);
				PRODUCT_BUNDLE_IDENTIFIER = com.irig.FizzBuzzTests;
				PRODUCT_NAME = "$(TARGET_NAME)";
				SWIFT_VERSION = 5.0;
				TARGETED_DEVICE_FAMILY = "1,2";
				TEST_HOST = "$(BUILT_PRODUCTS_DIR)/FizzBuzz.app/FizzBuzz";
			};
			name = Release;
		};
		70DA55FD22B5331D00B90EAC /* Debug */ = {
			isa = XCBuildConfiguration;
			buildSettings = {
				ALWAYS_EMBED_SWIFT_STANDARD_LIBRARIES = YES;
				CODE_SIGN_STYLE = Automatic;
				INFOPLIST_FILE = FizzBuzzUITests/Info.plist;
				LD_RUNPATH_SEARCH_PATHS = (
					"$(inherited)",
					"@executable_path/Frameworks",
					"@loader_path/Frameworks",
				);
				PRODUCT_BUNDLE_IDENTIFIER = com.irig.FizzBuzzUITests;
				PRODUCT_NAME = "$(TARGET_NAME)";
				SWIFT_VERSION = 5.0;
				TARGETED_DEVICE_FAMILY = "1,2";
				TEST_TARGET_NAME = FizzBuzz;
			};
			name = Debug;
		};
		70DA55FE22B5331D00B90EAC /* Release */ = {
			isa = XCBuildConfiguration;
			buildSettings = {
				ALWAYS_EMBED_SWIFT_STANDARD_LIBRARIES = YES;
				CODE_SIGN_STYLE = Automatic;
				INFOPLIST_FILE = FizzBuzzUITests/Info.plist;
				LD_RUNPATH_SEARCH_PATHS = (
					"$(inherited)",
					"@executable_path/Frameworks",
					"@loader_path/Frameworks",
				);
				PRODUCT_BUNDLE_IDENTIFIER = com.irig.FizzBuzzUITests;
				PRODUCT_NAME = "$(TARGET_NAME)";
				SWIFT_VERSION = 5.0;
				TARGETED_DEVICE_FAMILY = "1,2";
				TEST_TARGET_NAME = FizzBuzz;
			};
			name = Release;
		};
/* End XCBuildConfiguration section */

/* Begin XCConfigurationList section */
		70DA55C922B5331C00B90EAC /* Build configuration list for PBXProject "FizzBuzz" */ = {
			isa = XCConfigurationList;
			buildConfigurations = (
				70DA55F422B5331D00B90EAC /* Debug */,
				70DA55F522B5331D00B90EAC /* Release */,
			);
			defaultConfigurationIsVisible = 0;
			defaultConfigurationName = Release;
		};
		70DA55F622B5331D00B90EAC /* Build configuration list for PBXNativeTarget "FizzBuzz" */ = {
			isa = XCConfigurationList;
			buildConfigurations = (
				70DA55F722B5331D00B90EAC /* Debug */,
				70DA55F822B5331D00B90EAC /* Release */,
			);
			defaultConfigurationIsVisible = 0;
			defaultConfigurationName = Release;
		};
		70DA55F922B5331D00B90EAC /* Build configuration list for PBXNativeTarget "FizzBuzzTests" */ = {
			isa = XCConfigurationList;
			buildConfigurations = (
				70DA55FA22B5331D00B90EAC /* Debug */,
				70DA55FB22B5331D00B90EAC /* Release */,
			);
			defaultConfigurationIsVisible = 0;
			defaultConfigurationName = Release;
		};
		70DA55FC22B5331D00B90EAC /* Build configuration list for PBXNativeTarget "FizzBuzzUITests" */ = {
			isa = XCConfigurationList;
			buildConfigurations = (
				70DA55FD22B5331D00B90EAC /* Debug */,
				70DA55FE22B5331D00B90EAC /* Release */,
			);
			defaultConfigurationIsVisible = 0;
			defaultConfigurationName = Release;
		};
/* End XCConfigurationList section */
	};
	rootObject = 70DA55C622B5331C00B90EAC /* Project object */;
}
